
Microsoft Visual Studio Solution File, Format Version 12.00
# Visual Studio 2012
Project("{FAE04EC0-301F-11D3-BF4B-00C04F79EFBC}") = "_2exam06032016_PB", "_2exam06032016_PB\_2exam06032016_PB.csproj", "{A95AE5FD-E5E9-49EE-BC09-A01DD713CBE6}"
EndProject
Global
	GlobalSection(SolutionConfigurationPlatforms) = preSolution
		Debug|x86 = Debug|x86
		Release|x86 = Release|x86
	EndGlobalSection
	GlobalSection(ProjectConfigurationPlatforms) = postSolution
		{A95AE5FD-E5E9-49EE-BC09-A01DD713CBE6}.Debug|x86.ActiveCfg = Debug|x86
		{A95AE5FD-E5E9-49EE-BC09-A01DD713CBE6}.Debug|x86.Build.0 = Debug|x86
		{A95AE5FD-E5E9-49EE-BC09-A01DD713CBE6}.Release|x86.ActiveCfg = Release|x86
		{A95AE5FD-E5E9-49EE-BC09-A01DD713CBE6}.Release|x86.Build.0 = Release|x86
	EndGlobalSection
EndGlobal
